
Microsoft Visual Studio Solution File, Format Version 11.00
# Visual Studio 2010
Project("{FAE04EC0-301F-11D3-BF4B-00C04F79EFBC}") = "FuenteGTE", "FuenteGTE\FuenteGTE.csproj", "{685D3F40-26DC-47B0-83F8-37D2DB682324}"
EndProject
Project("{FAE04EC0-301F-11D3-BF4B-00C04F79EFBC}") = "Negocio", "Negocio\Negocio.csproj", "{0E86C27E-703A-4B06-A8AB-3DE016F51A31}"
EndProject
Project("{FAE04EC0-301F-11D3-BF4B-00C04F79EFBC}") = "Entidades", "Entidades\Entidades.csproj", "{DE4CE555-6894-43B8-AC53-559508003F67}"
EndProject
Global
	GlobalSection(SolutionConfigurationPlatforms) = preSolution
		Debug|Any CPU = Debug|Any CPU
		Release|Any CPU = Release|Any CPU
	EndGlobalSection
	GlobalSection(ProjectConfigurationPlatforms) = postSolution
		{685D3F40-26DC-47B0-83F8-37D2DB682324}.Debug|Any CPU.ActiveCfg = Debug|Any CPU
		{685D3F40-26DC-47B0-83F8-37D2DB682324}.Debug|Any CPU.Build.0 = Debug|Any CPU
		{685D3F40-26DC-47B0-83F8-37D2DB682324}.Release|Any CPU.ActiveCfg = Release|Any CPU
		{685D3F40-26DC-47B0-83F8-37D2DB682324}.Release|Any CPU.Build.0 = Release|Any CPU
		{0E86C27E-703A-4B06-A8AB-3DE016F51A31}.Debug|Any CPU.ActiveCfg = Debug|Any CPU
		{0E86C27E-703A-4B06-A8AB-3DE016F51A31}.Debug|Any CPU.Build.0 = Debug|Any CPU
		{0E86C27E-703A-4B06-A8AB-3DE016F51A31}.Release|Any CPU.ActiveCfg = Release|Any CPU
		{0E86C27E-703A-4B06-A8AB-3DE016F51A31}.Release|Any CPU.Build.0 = Release|Any CPU
		{DE4CE555-6894-43B8-AC53-559508003F67}.Debug|Any CPU.ActiveCfg = Debug|Any CPU
		{DE4CE555-6894-43B8-AC53-559508003F67}.Debug|Any CPU.Build.0 = Debug|Any CPU
		{DE4CE555-6894-43B8-AC53-559508003F67}.Release|Any CPU.ActiveCfg = Release|Any CPU
		{DE4CE555-6894-43B8-AC53-559508003F67}.Release|Any CPU.Build.0 = Release|Any CPU
	EndGlobalSection
	GlobalSection(SolutionProperties) = preSolution
		HideSolutionNode = FALSE
	EndGlobalSection
EndGlobal
